// !$*UTF8*$!
{
	archiveVersion = 1;
	classes = {
	};
	objectVersion = 55;
	objects = {

/* Begin PBXBuildFile section */
		9CC680B12894B9440086BDD4 /* PickUp_DriverApp.swift in Sources */ = {isa = PBXBuildFile; fileRef = 9CC680B02894B9440086BDD4 /* PickUp_DriverApp.swift */; };
		9CC680B32894B9440086BDD4 /* ContentView.swift in Sources */ = {isa = PBXBuildFile; fileRef = 9CC680B22894B9440086BDD4 /* ContentView.swift */; };
		9CC680B52894B9450086BDD4 /* Assets.xcassets in Resources */ = {isa = PBXBuildFile; fileRef = 9CC680B42894B9450086BDD4 /* Assets.xcassets */; };
		9CC680B82894B9450086BDD4 /* Preview Assets.xcassets in Resources */ = {isa = PBXBuildFile; fileRef = 9CC680B72894B9450086BDD4 /* Preview Assets.xcassets */; };
		9CC680C22894B9450086BDD4 /* PickUp_DriverTests.swift in Sources */ = {isa = PBXBuildFile; fileRef = 9CC680C12894B9450086BDD4 /* PickUp_DriverTests.swift */; };
		9CC680CC2894B9450086BDD4 /* PickUp_DriverUITests.swift in Sources */ = {isa = PBXBuildFile; fileRef = 9CC680CB2894B9450086BDD4 /* PickUp_DriverUITests.swift */; };
		9CC680CE2894B9450086BDD4 /* PickUp_DriverUITestsLaunchTests.swift in Sources */ = {isa = PBXBuildFile; fileRef = 9CC680CD2894B9450086BDD4 /* PickUp_DriverUITestsLaunchTests.swift */; };
/* End PBXBuildFile section */

/* Begin PBXContainerItemProxy section */
		9CC680BE2894B9450086BDD4 /* PBXContainerItemProxy */ = {
			isa = PBXContainerItemProxy;
			containerPortal = 9CC680A52894B9440086BDD4 /* Project object */;
			proxyType = 1;
			remoteGlobalIDString = 9CC680AC2894B9440086BDD4;
			remoteInfo = "PickUp Driver";
		};
		9CC680C82894B9450086BDD4 /* PBXContainerItemProxy */ = {
			isa = PBXContainerItemProxy;
			containerPortal = 9CC680A52894B9440086BDD4 /* Project object */;
			proxyType = 1;
			remoteGlobalIDString = 9CC680AC2894B9440086BDD4;
			remoteInfo = "PickUp Driver";
		};
/* End PBXContainerItemProxy section */

/* Begin PBXFileReference section */
		9CC680AD2894B9440086BDD4 /* PickUp Driver.app */ = {isa = PBXFileReference; explicitFileType = wrapper.application; includeInIndex = 0; path = "PickUp Driver.app"; sourceTree = BUILT_PRODUCTS_DIR; };
		9CC680B02894B9440086BDD4 /* PickUp_DriverApp.swift */ = {isa = PBXFileReference; lastKnownFileType = sourcecode.swift; path = PickUp_DriverApp.swift; sourceTree = "<group>"; };
		9CC680B22894B9440086BDD4 /* ContentView.swift */ = {isa = PBXFileReference; lastKnownFileType = sourcecode.swift; path = ContentView.swift; sourceTree = "<group>"; };
		9CC680B42894B9450086BDD4 /* Assets.xcassets */ = {isa = PBXFileReference; lastKnownFileType = folder.assetcatalog; path = Assets.xcassets; sourceTree = "<group>"; };
		9CC680B72894B9450086BDD4 /* Preview Assets.xcassets */ = {isa = PBXFileReference; lastKnownFileType = folder.assetcatalog; path = "Preview Assets.xcassets"; sourceTree = "<group>"; };
		9CC680BD2894B9450086BDD4 /* PickUp DriverTests.xctest */ = {isa = PBXFileReference; explicitFileType = wrapper.cfbundle; includeInIndex = 0; path = "PickUp DriverTests.xctest"; sourceTree = BUILT_PRODUCTS_DIR; };
		9CC680C12894B9450086BDD4 /* PickUp_DriverTests.swift */ = {isa = PBXFileReference; lastKnownFileType = sourcecode.swift; path = PickUp_DriverTests.swift; sourceTree = "<group>"; };
		9CC680C72894B9450086BDD4 /* PickUp DriverUITests.xctest */ = {isa = PBXFileReference; explicitFileType = wrapper.cfbundle; includeInIndex = 0; path = "PickUp DriverUITests.xctest"; sourceTree = BUILT_PRODUCTS_DIR; };
		9CC680CB2894B9450086BDD4 /* PickUp_DriverUITests.swift */ = {isa = PBXFileReference; lastKnownFileType = sourcecode.swift; path = PickUp_DriverUITests.swift; sourceTree = "<group>"; };
		9CC680CD2894B9450086BDD4 /* PickUp_DriverUITestsLaunchTests.swift */ = {isa = PBXFileReference; lastKnownFileType = sourcecode.swift; path = PickUp_DriverUITestsLaunchTests.swift; sourceTree = "<group>"; };
/* End PBXFileReference section */

/* Begin PBXFrameworksBuildPhase section */
		9CC680AA2894B9440086BDD4 /* Frameworks */ = {
			isa = PBXFrameworksBuildPhase;
			buildActionMask = 2147483647;
			files = (
			);
			runOnlyForDeploymentPostprocessing = 0;
		};
		9CC680BA2894B9450086BDD4 /* Frameworks */ = {
			isa = PBXFrameworksBuildPhase;
			buildActionMask = 2147483647;
			files = (
			);
			runOnlyForDeploymentPostprocessing = 0;
		};
		9CC680C42894B9450086BDD4 /* Frameworks */ = {
			isa = PBXFrameworksBuildPhase;
			buildActionMask = 2147483647;
			files = (
			);
			runOnlyForDeploymentPostprocessing = 0;
		};
/* End PBXFrameworksBuildPhase section */

/* Begin PBXGroup section */
		9CC680A42894B9440086BDD4 = {
			isa = PBXGroup;
			children = (
				9CC680AF2894B9440086BDD4 /* PickUp Driver */,
				9CC680C02894B9450086BDD4 /* PickUp DriverTests */,
				9CC680CA2894B9450086BDD4 /* PickUp DriverUITests */,
				9CC680AE2894B9440086BDD4 /* Products */,
			);
			sourceTree = "<group>";
		};
		9CC680AE2894B9440086BDD4 /* Products */ = {
			isa = PBXGroup;
			children = (
				9CC680AD2894B9440086BDD4 /* PickUp Driver.app */,
				9CC680BD2894B9450086BDD4 /* PickUp DriverTests.xctest */,
				9CC680C72894B9450086BDD4 /* PickUp DriverUITests.xctest */,
			);
			name = Products;
			sourceTree = "<group>";
		};
		9CC680AF2894B9440086BDD4 /* PickUp Driver */ = {
			isa = PBXGroup;
			children = (
				9CC680B02894B9440086BDD4 /* PickUp_DriverApp.swift */,
				9CC680B22894B9440086BDD4 /* ContentView.swift */,
				9CC680B42894B9450086BDD4 /* Assets.xcassets */,
				9CC680B62894B9450086BDD4 /* Preview Content */,
			);
			path = "PickUp Driver";
			sourceTree = "<group>";
		};
		9CC680B62894B9450086BDD4 /* Preview Content */ = {
			isa = PBXGroup;
			children = (
				9CC680B72894B9450086BDD4 /* Preview Assets.xcassets */,
			);
			path = "Preview Content";
			sourceTree = "<group>";
		};
		9CC680C02894B9450086BDD4 /* PickUp DriverTests */ = {
			isa = PBXGroup;
			children = (
				9CC680C12894B9450086BDD4 /* PickUp_DriverTests.swift */,
			);
			path = "PickUp DriverTests";
			sourceTree = "<group>";
		};
		9CC680CA2894B9450086BDD4 /* PickUp DriverUITests */ = {
			isa = PBXGroup;
			children = (
				9CC680CB2894B9450086BDD4 /* PickUp_DriverUITests.swift */,
				9CC680CD2894B9450086BDD4 /* PickUp_DriverUITestsLaunchTests.swift */,
			);
			path = "PickUp DriverUITests";
			sourceTree = "<group>";
		};
/* End PBXGroup section */

/* Begin PBXNativeTarget section */
		9CC680AC2894B9440086BDD4 /* PickUp Driver */ = {
			isa = PBXNativeTarget;
			buildConfigurationList = 9CC680D12894B9450086BDD4 /* Build configuration list for PBXNativeTarget "PickUp Driver" */;
			buildPhases = (
				9CC680A92894B9440086BDD4 /* Sources */,
				9CC680AA2894B9440086BDD4 /* Frameworks */,
				9CC680AB2894B9440086BDD4 /* Resources */,
			);
			buildRules = (
			);
			dependencies = (
			);
			name = "PickUp Driver";
			productName = "PickUp Driver";
			productReference = 9CC680AD2894B9440086BDD4 /* PickUp Driver.app */;
			productType = "com.apple.product-type.application";
		};
		9CC680BC2894B9450086BDD4 /* PickUp DriverTests */ = {
			isa = PBXNativeTarget;
			buildConfigurationList = 9CC680D42894B9450086BDD4 /* Build configuration list for PBXNativeTarget "PickUp DriverTests" */;
			buildPhases = (
				9CC680B92894B9450086BDD4 /* Sources */,
				9CC680BA2894B9450086BDD4 /* Frameworks */,
				9CC680BB2894B9450086BDD4 /* Resources */,
			);
			buildRules = (
			);
			dependencies = (
				9CC680BF2894B9450086BDD4 /* PBXTargetDependency */,
			);
			name = "PickUp DriverTests";
			productName = "PickUp DriverTests";
			productReference = 9CC680BD2894B9450086BDD4 /* PickUp DriverTests.xctest */;
			productType = "com.apple.product-type.bundle.unit-test";
		};
		9CC680C62894B9450086BDD4 /* PickUp DriverUITests */ = {
			isa = PBXNativeTarget;
			buildConfigurationList = 9CC680D72894B9450086BDD4 /* Build configuration list for PBXNativeTarget "PickUp DriverUITests" */;
			buildPhases = (
				9CC680C32894B9450086BDD4 /* Sources */,
				9CC680C42894B9450086BDD4 /* Frameworks */,
				9CC680C52894B9450086BDD4 /* Resources */,
			);
			buildRules = (
			);
			dependencies = (
				9CC680C92894B9450086BDD4 /* PBXTargetDependency */,
			);
			name = "PickUp DriverUITests";
			productName = "PickUp DriverUITests";
			productReference = 9CC680C72894B9450086BDD4 /* PickUp DriverUITests.xctest */;
			productType = "com.apple.product-type.bundle.ui-testing";
		};
/* End PBXNativeTarget section */

/* Begin PBXProject section */
		9CC680A52894B9440086BDD4 /* Project object */ = {
			isa = PBXProject;
			attributes = {
				BuildIndependentTargetsInParallel = 1;
				LastSwiftUpdateCheck = 1340;
				LastUpgradeCheck = 1340;
				TargetAttributes = {
					9CC680AC2894B9440086BDD4 = {
						CreatedOnToolsVersion = 13.4.1;
					};
					9CC680BC2894B9450086BDD4 = {
						CreatedOnToolsVersion = 13.4.1;
						TestTargetID = 9CC680AC2894B9440086BDD4;
					};
					9CC680C62894B9450086BDD4 = {
						CreatedOnToolsVersion = 13.4.1;
						TestTargetID = 9CC680AC2894B9440086BDD4;
					};
				};
			};
			buildConfigurationList = 9CC680A82894B9440086BDD4 /* Build configuration list for PBXProject "PickUp Driver" */;
			compatibilityVersion = "Xcode 13.0";
			developmentRegion = en;
			hasScannedForEncodings = 0;
			knownRegions = (
				en,
				Base,
			);
			mainGroup = 9CC680A42894B9440086BDD4;
			productRefGroup = 9CC680AE2894B9440086BDD4 /* Products */;
			projectDirPath = "";
			projectRoot = "";
			targets = (
				9CC680AC2894B9440086BDD4 /* PickUp Driver */,
				9CC680BC2894B9450086BDD4 /* PickUp DriverTests */,
				9CC680C62894B9450086BDD4 /* PickUp DriverUITests */,
			);
		};
/* End PBXProject section */

/* Begin PBXResourcesBuildPhase section */
		9CC680AB2894B9440086BDD4 /* Resources */ = {
			isa = PBXResourcesBuildPhase;
			buildActionMask = 2147483647;
			files = (
				9CC680B82894B9450086BDD4 /* Preview Assets.xcassets in Resources */,
				9CC680B52894B9450086BDD4 /* Assets.xcassets in Resources */,
			);
			runOnlyForDeploymentPostprocessing = 0;
		};
		9CC680BB2894B9450086BDD4 /* Resources */ = {
			isa = PBXResourcesBuildPhase;
			buildActionMask = 2147483647;
			files = (
			);
			runOnlyForDeploymentPostprocessing = 0;
		};
		9CC680C52894B9450086BDD4 /* Resources */ = {
			isa = PBXResourcesBuildPhase;
			buildActionMask = 2147483647;
			files = (
			);
			runOnlyForDeploymentPostprocessing = 0;
		};
/* End PBXResourcesBuildPhase section */

/* Begin PBXSourcesBuildPhase section */
		9CC680A92894B9440086BDD4 /* Sources */ = {
			isa = PBXSourcesBuildPhase;
			buildActionMask = 2147483647;
			files = (
				9CC680B32894B9440086BDD4 /* ContentView.swift in Sources */,
				9CC680B12894B9440086BDD4 /* PickUp_DriverApp.swift in Sources */,
			);
			runOnlyForDeploymentPostprocessing = 0;
		};
		9CC680B92894B9450086BDD4 /* Sources */ = {
			isa = PBXSourcesBuildPhase;
			buildActionMask = 2147483647;
			files = (
				9CC680C22894B9450086BDD4 /* PickUp_DriverTests.swift in Sources */,
			);
			runOnlyForDeploymentPostprocessing = 0;
		};
		9CC680C32894B9450086BDD4 /* Sources */ = {
			isa = PBXSourcesBuildPhase;
			buildActionMask = 2147483647;
			files = (
				9CC680CE2894B9450086BDD4 /* PickUp_DriverUITestsLaunchTests.swift in Sources */,
				9CC680CC2894B9450086BDD4 /* PickUp_DriverUITests.swift in Sources */,
			);
			runOnlyForDeploymentPostprocessing = 0;
		};
/* End PBXSourcesBuildPhase section */

/* Begin PBXTargetDependency section */
		9CC680BF2894B9450086BDD4 /* PBXTargetDependency */ = {
			isa = PBXTargetDependency;
			target = 9CC680AC2894B9440086BDD4 /* PickUp Driver */;
			targetProxy = 9CC680BE2894B9450086BDD4 /* PBXContainerItemProxy */;
		};
		9CC680C92894B9450086BDD4 /* PBXTargetDependency */ = {
			isa = PBXTargetDependency;
			target = 9CC680AC2894B9440086BDD4 /* PickUp Driver */;
			targetProxy = 9CC680C82894B9450086BDD4 /* PBXContainerItemProxy */;
		};
/* End PBXTargetDependency section */

/* Begin XCBuildConfiguration section */
		9CC680CF2894B9450086BDD4 /* Debug */ = {
			isa = XCBuildConfiguration;
			buildSettings = {
				ALWAYS_SEARCH_USER_PATHS = NO;
				CLANG_ANALYZER_NONNULL = YES;
				CLANG_ANALYZER_NUMBER_OBJECT_CONVERSION = YES_AGGRESSIVE;
				CLANG_CXX_LANGUAGE_STANDARD = "gnu++17";
				CLANG_ENABLE_MODULES = YES;
				CLANG_ENABLE_OBJC_ARC = YES;
				CLANG_ENABLE_OBJC_WEAK = YES;
				CLANG_WARN_BLOCK_CAPTURE_AUTORELEASING = YES;
				CLANG_WARN_BOOL_CONVERSION = YES;
				CLANG_WARN_COMMA = YES;
				CLANG_WARN_CONSTANT_CONVERSION = YES;
				CLANG_WARN_DEPRECATED_OBJC_IMPLEMENTATIONS = YES;
				CLANG_WARN_DIRECT_OBJC_ISA_USAGE = YES_ERROR;
				CLANG_WARN_DOCUMENTATION_COMMENTS = YES;
				CLANG_WARN_EMPTY_BODY = YES;
				CLANG_WARN_ENUM_CONVERSION = YES;
				CLANG_WARN_INFINITE_RECURSION = YES;
				CLANG_WARN_INT_CONVERSION = YES;
				CLANG_WARN_NON_LITERAL_NULL_CONVERSION = YES;
				CLANG_WARN_OBJC_IMPLICIT_RETAIN_SELF = YES;
				CLANG_WARN_OBJC_LITERAL_CONVERSION = YES;
				CLANG_WARN_OBJC_ROOT_CLASS = YES_ERROR;
				CLANG_WARN_QUOTED_INCLUDE_IN_FRAMEWORK_HEADER = YES;
				CLANG_WARN_RANGE_LOOP_ANALYSIS = YES;
				CLANG_WARN_STRICT_PROTOTYPES = YES;
				CLANG_WARN_SUSPICIOUS_MOVE = YES;
				CLANG_WARN_UNGUARDED_AVAILABILITY = YES_AGGRESSIVE;
				CLANG_WARN_UNREACHABLE_CODE = YES;
				CLANG_WARN__DUPLICATE_METHOD_MATCH = YES;
				COPY_PHASE_STRIP = NO;
				DEBUG_INFORMATION_FORMAT = dwarf;
				ENABLE_STRICT_OBJC_MSGSEND = YES;
				ENABLE_TESTABILITY = YES;
				GCC_C_LANGUAGE_STANDARD = gnu11;
				GCC_DYNAMIC_NO_PIC = NO;
				GCC_NO_COMMON_BLOCKS = YES;
				GCC_OPTIMIZATION_LEVEL = 0;
				GCC_PREPROCESSOR_DEFINITIONS = (
					"DEBUG=1",
					"$(inherited)",
				);
				GCC_WARN_64_TO_32_BIT_CONVERSION = YES;
				GCC_WARN_ABOUT_RETURN_TYPE = YES_ERROR;
				GCC_WARN_UNDECLARED_SELECTOR = YES;
				GCC_WARN_UNINITIALIZED_AUTOS = YES_AGGRESSIVE;
				GCC_WARN_UNUSED_FUNCTION = YES;
				GCC_WARN_UNUSED_VARIABLE = YES;
				IPHONEOS_DEPLOYMENT_TARGET = 15.5;
				MTL_ENABLE_DEBUG_INFO = INCLUDE_SOURCE;
				MTL_FAST_MATH = YES;
				ONLY_ACTIVE_ARCH = YES;
				SDKROOT = iphoneos;
				SWIFT_ACTIVE_COMPILATION_CONDITIONS = DEBUG;
				SWIFT_OPTIMIZATION_LEVEL = "-Onone";
			};
			name = Debug;
		};
		9CC680D02894B9450086BDD4 /* Release */ = {
			isa = XCBuildConfiguration;
			buildSettings = {
				ALWAYS_SEARCH_USER_PATHS = NO;
				CLANG_ANALYZER_NONNULL = YES;
				CLANG_ANALYZER_NUMBER_OBJECT_CONVERSION = YES_AGGRESSIVE;
				CLANG_CXX_LANGUAGE_STANDARD = "gnu++17";
				CLANG_ENABLE_MODULES = YES;
				CLANG_ENABLE_OBJC_ARC = YES;
				CLANG_ENABLE_OBJC_WEAK = YES;
				CLANG_WARN_BLOCK_CAPTURE_AUTORELEASING = YES;
				CLANG_WARN_BOOL_CONVERSION = YES;
				CLANG_WARN_COMMA = YES;
				CLANG_WARN_CONSTANT_CONVERSION = YES;
				CLANG_WARN_DEPRECATED_OBJC_IMPLEMENTATIONS = YES;
				CLANG_WARN_DIRECT_OBJC_ISA_USAGE = YES_ERROR;
				CLANG_WARN_DOCUMENTATION_COMMENTS = YES;
				CLANG_WARN_EMPTY_BODY = YES;
				CLANG_WARN_ENUM_CONVERSION = YES;
				CLANG_WARN_INFINITE_RECURSION = YES;
				CLANG_WARN_INT_CONVERSION = YES;
				CLANG_WARN_NON_LITERAL_NULL_CONVERSION = YES;
				CLANG_WARN_OBJC_IMPLICIT_RETAIN_SELF = YES;
				CLANG_WARN_OBJC_LITERAL_CONVERSION = YES;
				CLANG_WARN_OBJC_ROOT_CLASS = YES_ERROR;
				CLANG_WARN_QUOTED_INCLUDE_IN_FRAMEWORK_HEADER = YES;
				CLANG_WARN_RANGE_LOOP_ANALYSIS = YES;
				CLANG_WARN_STRICT_PROTOTYPES = YES;
				CLANG_WARN_SUSPICIOUS_MOVE = YES;
				CLANG_WARN_UNGUARDED_AVAILABILITY = YES_AGGRESSIVE;
				CLANG_WARN_UNREACHABLE_CODE = YES;
				CLANG_WARN__DUPLICATE_METHOD_MATCH = YES;
				COPY_PHASE_STRIP = NO;
				DEBUG_INFORMATION_FORMAT = "dwarf-with-dsym";
				ENABLE_NS_ASSERTIONS = NO;
				ENABLE_STRICT_OBJC_MSGSEND = YES;
				GCC_C_LANGUAGE_STANDARD = gnu11;
				GCC_NO_COMMON_BLOCKS = YES;
				GCC_WARN_64_TO_32_BIT_CONVERSION = YES;
				GCC_WARN_ABOUT_RETURN_TYPE = YES_ERROR;
				GCC_WARN_UNDECLARED_SELECTOR = YES;
				GCC_WARN_UNINITIALIZED_AUTOS = YES_AGGRESSIVE;
				GCC_WARN_UNUSED_FUNCTION = YES;
				GCC_WARN_UNUSED_VARIABLE = YES;
				IPHONEOS_DEPLOYMENT_TARGET = 15.5;
				MTL_ENABLE_DEBUG_INFO = NO;
				MTL_FAST_MATH = YES;
				SDKROOT = iphoneos;
				SWIFT_COMPILATION_MODE = wholemodule;
				SWIFT_OPTIMIZATION_LEVEL = "-O";
				VALIDATE_PRODUCT = YES;
			};
			name = Release;
		};
		9CC680D22894B9450086BDD4 /* Debug */ = {
			isa = XCBuildConfiguration;
			buildSettings = {
				ASSETCATALOG_COMPILER_APPICON_NAME = AppIcon;
				ASSETCATALOG_COMPILER_GLOBAL_ACCENT_COLOR_NAME = AccentColor;
				CODE_SIGN_STYLE = Automatic;
				CURRENT_PROJECT_VERSION = 1;
				DEVELOPMENT_ASSET_PATHS = "\"PickUp Driver/Preview Content\"";
				ENABLE_PREVIEWS = YES;
				GENERATE_INFOPLIST_FILE = YES;
				INFOPLIST_KEY_UIApplicationSceneManifest_Generation = YES;
				INFOPLIST_KEY_UIApplicationSupportsIndirectInputEvents = YES;
				INFOPLIST_KEY_UILaunchScreen_Generation = YES;
				INFOPLIST_KEY_UISupportedInterfaceOrientations_iPad = "UIInterfaceOrientationPortrait UIInterfaceOrientationPortraitUpsideDown UIInterfaceOrientationLandscapeLeft UIInterfaceOrientationLandscapeRight";
				INFOPLIST_KEY_UISupportedInterfaceOrientations_iPhone = "UIInterfaceOrientationPortrait UIInterfaceOrientationLandscapeLeft UIInterfaceOrientationLandscapeRight";
				LD_RUNPATH_SEARCH_PATHS = (
					"$(inherited)",
					"@executable_path/Frameworks",
				);
				MARKETING_VERSION = 1.0;
				PRODUCT_BUNDLE_IDENTIFIER = "com.palmakkar.PickUp-Driver";
				PRODUCT_NAME = "$(TARGET_NAME)";
				SWIFT_EMIT_LOC_STRINGS = YES;
				SWIFT_VERSION = 5.0;
				TARGETED_DEVICE_FAMILY = "1,2";
			};
			name = Debug;
		};
		9CC680D32894B9450086BDD4 /* Release */ = {
			isa = XCBuildConfiguration;
			buildSettings = {
				ASSETCATALOG_COMPILER_APPICON_NAME = AppIcon;
				ASSETCATALOG_COMPILER_GLOBAL_ACCENT_COLOR_NAME = AccentColor;
				CODE_SIGN_STYLE = Automatic;
				CURRENT_PROJECT_VERSION = 1;
				DEVELOPMENT_ASSET_PATHS = "\"PickUp Driver/Preview Content\"";
				ENABLE_PREVIEWS = YES;
				GENERATE_INFOPLIST_FILE = YES;
				INFOPLIST_KEY_UIApplicationSceneManifest_Generation = YES;
				INFOPLIST_KEY_UIApplicationSupportsIndirectInputEvents = YES;
				INFOPLIST_KEY_UILaunchScreen_Generation = YES;
				INFOPLIST_KEY_UISupportedInterfaceOrientations_iPad = "UIInterfaceOrientationPortrait UIInterfaceOrientationPortraitUpsideDown UIInterfaceOrientationLandscapeLeft UIInterfaceOrientationLandscapeRight";
				INFOPLIST_KEY_UISupportedInterfaceOrientations_iPhone = "UIInterfaceOrientationPortrait UIInterfaceOrientationLandscapeLeft UIInterfaceOrientationLandscapeRight";
				LD_RUNPATH_SEARCH_PATHS = (
					"$(inherited)",
					"@executable_path/Frameworks",
				);
				MARKETING_VERSION = 1.0;
				PRODUCT_BUNDLE_IDENTIFIER = "com.palmakkar.PickUp-Driver";
				PRODUCT_NAME = "$(TARGET_NAME)";
				SWIFT_EMIT_LOC_STRINGS = YES;
				SWIFT_VERSION = 5.0;
				TARGETED_DEVICE_FAMILY = "1,2";
			};
			name = Release;
		};
		9CC680D52894B9450086BDD4 /* Debug */ = {
			isa = XCBuildConfiguration;
			buildSettings = {
				ALWAYS_EMBED_SWIFT_STANDARD_LIBRARIES = YES;
				BUNDLE_LOADER = "$(TEST_HOST)";
				CODE_SIGN_STYLE = Automatic;
				CURRENT_PROJECT_VERSION = 1;
				GENERATE_INFOPLIST_FILE = YES;
				IPHONEOS_DEPLOYMENT_TARGET = 15.5;
				MARKETING_VERSION = 1.0;
				PRODUCT_BUNDLE_IDENTIFIER = "com.palmakkar.PickUp-DriverTests";
				PRODUCT_NAME = "$(TARGET_NAME)";
				SWIFT_EMIT_LOC_STRINGS = NO;
				SWIFT_VERSION = 5.0;
				TARGETED_DEVICE_FAMILY = "1,2";
				TEST_HOST = "$(BUILT_PRODUCTS_DIR)/PickUp Driver.app/PickUp Driver";
			};
			name = Debug;
		};
		9CC680D62894B9450086BDD4 /* Release */ = {
			isa = XCBuildConfiguration;
			buildSettings = {
				ALWAYS_EMBED_SWIFT_STANDARD_LIBRARIES = YES;
				BUNDLE_LOADER = "$(TEST_HOST)";
				CODE_SIGN_STYLE = Automatic;
				CURRENT_PROJECT_VERSION = 1;
				GENERATE_INFOPLIST_FILE = YES;
				IPHONEOS_DEPLOYMENT_TARGET = 15.5;
				MARKETING_VERSION = 1.0;
				PRODUCT_BUNDLE_IDENTIFIER = "com.palmakkar.PickUp-DriverTests";
				PRODUCT_NAME = "$(TARGET_NAME)";
				SWIFT_EMIT_LOC_STRINGS = NO;
				SWIFT_VERSION = 5.0;
				TARGETED_DEVICE_FAMILY = "1,2";
				TEST_HOST = "$(BUILT_PRODUCTS_DIR)/PickUp Driver.app/PickUp Driver";
			};
			name = Release;
		};
		9CC680D82894B9450086BDD4 /* Debug */ = {
			isa = XCBuildConfiguration;
			buildSettings = {
				ALWAYS_EMBED_SWIFT_STANDARD_LIBRARIES = YES;
				CODE_SIGN_STYLE = Automatic;
				CURRENT_PROJECT_VERSION = 1;
				GENERATE_INFOPLIST_FILE = YES;
				MARKETING_VERSION = 1.0;
				PRODUCT_BUNDLE_IDENTIFIER = "com.palmakkar.PickUp-DriverUITests";
				PRODUCT_NAME = "$(TARGET_NAME)";
				SWIFT_EMIT_LOC_STRINGS = NO;
				SWIFT_VERSION = 5.0;
				TARGETED_DEVICE_FAMILY = "1,2";
				TEST_TARGET_NAME = "PickUp Driver";
			};
			name = Debug;
		};
		9CC680D92894B9450086BDD4 /* Release */ = {
			isa = XCBuildConfiguration;
			buildSettings = {
				ALWAYS_EMBED_SWIFT_STANDARD_LIBRARIES = YES;
				CODE_SIGN_STYLE = Automatic;
				CURRENT_PROJECT_VERSION = 1;
				GENERATE_INFOPLIST_FILE = YES;
				MARKETING_VERSION = 1.0;
				PRODUCT_BUNDLE_IDENTIFIER = "com.palmakkar.PickUp-DriverUITests";
				PRODUCT_NAME = "$(TARGET_NAME)";
				SWIFT_EMIT_LOC_STRINGS = NO;
				SWIFT_VERSION = 5.0;
				TARGETED_DEVICE_FAMILY = "1,2";
				TEST_TARGET_NAME = "PickUp Driver";
			};
			name = Release;
		};
/* End XCBuildConfiguration section */

/* Begin XCConfigurationList section */
		9CC680A82894B9440086BDD4 /* Build configuration list for PBXProject "PickUp Driver" */ = {
			isa = XCConfigurationList;
			buildConfigurations = (
				9CC680CF2894B9450086BDD4 /* Debug */,
				9CC680D02894B9450086BDD4 /* Release */,
			);
			defaultConfigurationIsVisible = 0;
			defaultConfigurationName = Release;
		};
		9CC680D12894B9450086BDD4 /* Build configuration list for PBXNativeTarget "PickUp Driver" */ = {
			isa = XCConfigurationList;
			buildConfigurations = (
				9CC680D22894B9450086BDD4 /* Debug */,
				9CC680D32894B9450086BDD4 /* Release */,
			);
			defaultConfigurationIsVisible = 0;
			defaultConfigurationName = Release;
		};
		9CC680D42894B9450086BDD4 /* Build configuration list for PBXNativeTarget "PickUp DriverTests" */ = {
			isa = XCConfigurationList;
			buildConfigurations = (
				9CC680D52894B9450086BDD4 /* Debug */,
				9CC680D62894B9450086BDD4 /* Release */,
			);
			defaultConfigurationIsVisible = 0;
			defaultConfigurationName = Release;
		};
		9CC680D72894B9450086BDD4 /* Build configuration list for PBXNativeTarget "PickUp DriverUITests" */ = {
			isa = XCConfigurationList;
			buildConfigurations = (
				9CC680D82894B9450086BDD4 /* Debug */,
				9CC680D92894B9450086BDD4 /* Release */,
			);
			defaultConfigurationIsVisible = 0;
			defaultConfigurationName = Release;
		};
/* End XCConfigurationList section */
	};
	rootObject = 9CC680A52894B9440086BDD4 /* Project object */;
}
